<?xml version="1.0" encoding="utf-8"?>
<Project ToolsVersion="4.0" xmlns="http://schemas.microsoft.com/developer/msbuild/2003">
  <ItemGroup>
    <Filter Include="Source Files">
      <UniqueIdentifier>{4FC737F1-C7A5-4376-A066-2A32D752A2FF}</UniqueIdentifier>
      <Extensions>cpp;c;cc;cxx;def;odl;idl;hpj;bat;asm;asmx</Extensions>
    </Filter>
    <Filter Include="Header Files">
      <UniqueIdentifier>{93995380-89BD-4b04-88EB-625FBE52EBFB}</UniqueIdentifier>
      <Extensions>h;hh;hpp;hxx;hm;inl;inc;ipp;xsd</Extensions>
    </Filter>
    <Filter Include="Platform">
      <UniqueIdentifier>{221de3c0-2b55-48f7-b7ad-3ae4c9d7c6c2}</UniqueIdentifier>
    </Filter>
    <Filter Include="Rendering">
      <UniqueIdentifier>{a4cd8205-3833-4f8d-8cc6-1c833a639e8b}</UniqueIdentifier>
    </Filter>
  </ItemGroup>
  <ItemGroup>
    <ClCompile Include="app\main.cpp">
      <Filter>Source Files</Filter>
    </ClCompile>
    <ClCompile Include="app\resourcemanager.cpp">
      <Filter>Source Files</Filter>
    </ClCompile>
    <ClCompile Include="app\App.cpp">
      <Filter>Source Files</Filter>
    </ClCompile>
    <ClCompile Include="app\loguru_impl.cpp">
      <Filter>Source Files</Filter>
    </ClCompile>
    <ClCompile Include="app\Timer.cpp">
      <Filter>Source Files</Filter>
    </ClCompile>
    <ClCompile Include="app\Platform\Window.cpp">
      <Filter>Platform</Filter>
    </ClCompile>
  </ItemGroup>
  <ItemGroup>
    <ClInclude Include="app\resourcemanager.h">
      <Filter>Header Files</Filter>
    </ClInclude>
    <ClInclude Include="app\vertex.h">
      <Filter>Header Files</Filter>
    </ClInclude>
    <ClInclude Include="app\App.h">
      <Filter>Header Files</Filter>
    </ClInclude>
    <ClInclude Include="app\AppDesc.h">
      <Filter>Header Files</Filter>
    </ClInclude>
    <ClInclude Include="app\Timer.h">
      <Filter>Header Files</Filter>
    </ClInclude>
    <ClInclude Include="app\NcFilePtr.h">
      <Filter>Header Files</Filter>
    </ClInclude>
    <ClInclude Include="app\Command.h">
      <Filter>Header Files</Filter>
    </ClInclude>
    <ClInclude Include="app\Keys.h">
      <Filter>Header Files</Filter>
    </ClInclude>
    <ClInclude Include="app\Platform\Window.h">
      <Filter>Platform</Filter>
    </ClInclude>
    <ClInclude Include="app\Platform\PlatformUpdateData.h">
      <Filter>Platform</Filter>
    </ClInclude>
    <ClInclude Include="app\Platform\Keyboard.h">
      <Filter>Platform</Filter>
    </ClInclude>
    <ClInclude Include="app\Platform\Keymap.h">
      <Filter>Platform</Filter>
    </ClInclude>
    <ClInclude Include="app\Platform\PlatformUtils.h">
      <Filter>Platform</Filter>
    </ClInclude>
  </ItemGroup>
</Project>